{
	"archiveVersion" = "1";
	"classes" =
		{
		};
	"objectVersion" = "46";
	"objects" =
		{
			"100000000000000000000002" =
				{
					"isa" = "PBXGroup";
					"children" =
						("B27D5B556553469F856787D5", "B256C3A47DE14261AF7B7D59");
					"sourceTree" = "<group>";
				};
			"100000000000000000000006" =
				{
					"isa" = "PBXNativeTarget";
					"buildPhases" =
						("100000000000000000000007");
					"buildRules" =
						();
					"dependencies" =
						();
					"name" = "test";
					"productName" = "test";
					"productType" = "com.apple.product-type.application";
				};
			"100000000000000000000001" =
				{
					"isa" = "PBXProject";
					"attributes" =
						{
							"LastUpgradeCheck" = "0620";
						};
					"buildConfigurationList" = "100000000000000000000003";
					"compatibilityVersion" = "Xcode 3.2";
					"developmentRegion" = "English";
					"hasScannedForEncodings" = "0";
					"knownRegions" =
						("en");
					"mainGroup" = "100000000000000000000002";
					"projectDirPath" = "";
					"projectRoot" = "";
					"targets" =
						("100000000000000000000006");
				};
			"100000000000000000000007" =
				{
					"isa" = "PBXSourcesBuildPhase";
					"buildActionMask" = "2147483647";
					"files" =
						();
					"runOnlyForDeploymentPostprocessing" = "0";
				};
			"100000000000000000000004" =
				{
					"isa" = "XCBuildConfiguration";
					"buildSettings" =
						{
							"INFOPLIST_FILE" = "/Users/adam/Documents/GitHub/Francois_Libgdx/ios/Info.plist.xml";
							"SDKROOT" = "iphoneos";
							"TARGETED_DEVICE_FAMILY" = "1,2";
							"GCC_PRECOMPILE_PREFIX_HEADER" = "YES";
							"GCC_PREFIX_HEADER" = "/Users/adam/Documents/GitHub/Francois_Libgdx/ios/robovm-build/xcode/.ib/Prefix.pch";
						};
					"name" = "Debug";
				};
			"100000000000000000000005" =
				{
					"isa" = "XCBuildConfiguration";
					"buildSettings" =
						{
							"INFOPLIST_FILE" = "/Users/adam/Documents/GitHub/Francois_Libgdx/ios/Info.plist.xml";
							"SDKROOT" = "iphoneos";
							"TARGETED_DEVICE_FAMILY" = "1,2";
							"GCC_PRECOMPILE_PREFIX_HEADER" = "YES";
							"GCC_PREFIX_HEADER" = "/Users/adam/Documents/GitHub/Francois_Libgdx/ios/robovm-build/xcode/.ib/Prefix.pch";
						};
					"name" = "Release";
				};
			"100000000000000000000003" =
				{
					"isa" = "XCConfigurationList";
					"buildConfigurations" =
						("100000000000000000000004", "100000000000000000000005");
					"defaultConfigurationIsVisible" = "0";
					"defaultConfigurationName" = "Release";
				};
			"B27D5B556553469F856787D5" =
				{
					"isa" = "PBXGroup";
					"children" =
						("5B719635EE6445DE80697FFD", "91B38982831C4AED83BD8304", "1BE18CB7768C4A54B63CB3F9",
 "1E1E9137E7FF496B8183DFAC", "230B17D430B2493D9C1373D7", "2570FC77BB484091B1C43B89",
 "52852ADB11994515AF69391C", "93A180A0EF1744208A2EB224", "59217B68FAA8469E8AD5570B",
 "0F60732A33BA4992AF0EA997", "6AA98CFF5DD44B8BB9C73939", "4F723D5143F0470FA932149F",
 "6290C8A274D14AD19FD21A59");
					"name" = "Resources";
					"sourceTree" = "<absolute>";
					"path" = "/Users/adam/Documents/GitHub/Francois_Libgdx/ios/data";
				};
			"1BE18CB7768C4A54B63CB3F9" =
				{
					"isa" = "PBXFileReference";
					"name" = "Default-375w-667h@2x.png";
					"lastKnownFileType" = "image.png";
					"sourceTree" = "<group>";
					"path" = "Default-375w-667h@2x.png";
				};
			"1E1E9137E7FF496B8183DFAC" =
				{
					"isa" = "PBXFileReference";
					"name" = "Default-414w-736h@3x.png";
					"lastKnownFileType" = "image.png";
					"sourceTree" = "<group>";
					"path" = "Default-414w-736h@3x.png";
				};
			"230B17D430B2493D9C1373D7" =
				{
					"isa" = "PBXFileReference";
					"name" = "Default-568h@2x.png";
					"lastKnownFileType" = "image.png";
					"sourceTree" = "<group>";
					"path" = "Default-568h@2x.png";
				};
			"2570FC77BB484091B1C43B89" =
				{
					"isa" = "PBXFileReference";
					"name" = "Default.png";
					"lastKnownFileType" = "image.png";
					"sourceTree" = "<group>";
					"path" = "Default.png";
				};
			"52852ADB11994515AF69391C" =
				{
					"isa" = "PBXFileReference";
					"name" = "Default@2x.png";
					"lastKnownFileType" = "image.png";
					"sourceTree" = "<group>";
					"path" = "Default@2x.png";
				};
			"93A180A0EF1744208A2EB224" =
				{
					"isa" = "PBXFileReference";
					"name" = "Default@2x~ipad.png";
					"lastKnownFileType" = "image.png";
					"sourceTree" = "<group>";
					"path" = "Default@2x~ipad.png";
				};
			"59217B68FAA8469E8AD5570B" =
				{
					"isa" = "PBXFileReference";
					"name" = "Default~ipad.png";
					"lastKnownFileType" = "image.png";
					"sourceTree" = "<group>";
					"path" = "Default~ipad.png";
				};
			"0F60732A33BA4992AF0EA997" =
				{
					"isa" = "PBXFileReference";
					"name" = "Icon-72.png";
					"lastKnownFileType" = "image.png";
					"sourceTree" = "<group>";
					"path" = "Icon-72.png";
				};
			"6AA98CFF5DD44B8BB9C73939" =
				{
					"isa" = "PBXFileReference";
					"name" = "Icon-72@2x.png";
					"lastKnownFileType" = "image.png";
					"sourceTree" = "<group>";
					"path" = "Icon-72@2x.png";
				};
			"4F723D5143F0470FA932149F" =
				{
					"isa" = "PBXFileReference";
					"name" = "Icon.png";
					"lastKnownFileType" = "image.png";
					"sourceTree" = "<group>";
					"path" = "Icon.png";
				};
			"6290C8A274D14AD19FD21A59" =
				{
					"isa" = "PBXFileReference";
					"name" = "Icon@2x.png";
					"lastKnownFileType" = "image.png";
					"sourceTree" = "<group>";
					"path" = "Icon@2x.png";
				};
			"AA1141AD819743F280DC94AD" =
				{
					"isa" = "PBXFileReference";
					"name" = "Info.plist";
					"explicitFileType" = "text.plist.info";
					"sourceTree" = "<group>";
					"path" = "Info.plist.xml";
				};
			"B256C3A47DE14261AF7B7D59" =
				{
					"isa" = "PBXGroup";
					"children" =
						("AA1141AD819743F280DC94AD");
					"name" = "Supporting Files";
					"sourceTree" = "<absolute>";
					"path" = "/Users/adam/Documents/GitHub/Francois_Libgdx/ios";
				};
			"402B20C8EFD3417EADE1EF52" =
				{
					"isa" = "PBXFileReference";
					"name" = "exo2medium.ttf";
					"lastKnownFileType" = "file";
					"sourceTree" = "<group>";
					"path" = "exo2medium.ttf";
				};
			"5B719635EE6445DE80697FFD" =
				{
					"isa" = "PBXGroup";
					"children" =
						("402B20C8EFD3417EADE1EF52");
					"name" = "fonts";
					"sourceTree" = "<group>";
					"path" = "fonts";
				};
			"A4BD6BF42E3A4CBCA5160151" =
				{
					"isa" = "PBXFileReference";
					"name" = "badlogic.jpg";
					"lastKnownFileType" = "image.jpeg";
					"sourceTree" = "<group>";
					"path" = "badlogic.jpg";
				};
			"91B38982831C4AED83BD8304" =
				{
					"isa" = "PBXGroup";
					"children" =
						("A4BD6BF42E3A4CBCA5160151", "D77F9261F233458C89F0F352", "B8B74B6DF5424D02A05048E5",
 "53DDF31B65E14E6282E86AC5", "3F4C0F7534E444E3AD1336B7");
					"name" = "images";
					"sourceTree" = "<group>";
					"path" = "images";
				};
			"D77F9261F233458C89F0F352" =
				{
					"isa" = "PBXFileReference";
					"name" = "bucket.png";
					"lastKnownFileType" = "image.png";
					"sourceTree" = "<group>";
					"path" = "bucket.png";
				};
			"B8B74B6DF5424D02A05048E5" =
				{
					"isa" = "PBXFileReference";
					"name" = "droplet.png";
					"lastKnownFileType" = "image.png";
					"sourceTree" = "<group>";
					"path" = "droplet.png";
				};
			"53DDF31B65E14E6282E86AC5" =
				{
					"isa" = "PBXFileReference";
					"name" = "francois.png";
					"lastKnownFileType" = "image.png";
					"sourceTree" = "<group>";
					"path" = "francois.png";
				};
			"3F4C0F7534E444E3AD1336B7" =
				{
					"isa" = "PBXFileReference";
					"name" = "weight_l.png";
					"lastKnownFileType" = "image.png";
					"sourceTree" = "<group>";
					"path" = "weight_l.png";
				};
		};
	"rootObject" = "100000000000000000000001";
}
